
Microsoft Visual Studio Solution File, Format Version 12.00
# Visual Studio Version 16
VisualStudioVersion = 16.0.31702.278
MinimumVisualStudioVersion = 10.0.40219.1
Project("{8BC9CEB8-8B4A-11D0-8D11-00A0C91BC942}") = "StereoDistEstimate", "StereoDistEstimate.vcxproj", "{C71E90AF-A5BB-4F89-AF69-A2365F013EB1}"
EndProject
Global
	GlobalSection(SolutionConfigurationPlatforms) = preSolution
		Debug|x64 = Debug|x64
		Debug|x86 = Debug|x86
		Release|x64 = Release|x64
		Release|x86 = Release|x86
	EndGlobalSection
	GlobalSection(ProjectConfigurationPlatforms) = postSolution
		{C71E90AF-A5BB-4F89-AF69-A2365F013EB1}.Debug|x64.ActiveCfg = Debug|x64
		{C71E90AF-A5BB-4F89-AF69-A2365F013EB1}.Debug|x64.Build.0 = Debug|x64
		{C71E90AF-A5BB-4F89-AF69-A2365F013EB1}.Debug|x86.ActiveCfg = Debug|Win32
		{C71E90AF-A5BB-4F89-AF69-A2365F013EB1}.Debug|x86.Build.0 = Debug|Win32
		{C71E90AF-A5BB-4F89-AF69-A2365F013EB1}.Release|x64.ActiveCfg = Release|x64
		{C71E90AF-A5BB-4F89-AF69-A2365F013EB1}.Release|x64.Build.0 = Release|x64
		{C71E90AF-A5BB-4F89-AF69-A2365F013EB1}.Release|x86.ActiveCfg = Release|Win32
		{C71E90AF-A5BB-4F89-AF69-A2365F013EB1}.Release|x86.Build.0 = Release|Win32
	EndGlobalSection
	GlobalSection(SolutionProperties) = preSolution
		HideSolutionNode = FALSE
	EndGlobalSection
	GlobalSection(ExtensibilityGlobals) = postSolution
		SolutionGuid = {CC53B507-1F7D-4C56-B9D1-924B59777F81}
	EndGlobalSection
EndGlobal
